
Microsoft Visual Studio Solution File, Format Version 12.00
# Visual Studio Version 17
VisualStudioVersion = 17.7.34018.315
MinimumVisualStudioVersion = 10.0.40219.1
Project("{FAE04EC0-301F-11D3-BF4B-00C04F79EFBC}") = "LAB", "LAB\LAB.csproj", "{1D0CE916-4CB0-40C3-AC77-119A872DF47E}"
EndProject
Global
	GlobalSection(SolutionConfigurationPlatforms) = preSolution
		Debug|Any CPU = Debug|Any CPU
		Release|Any CPU = Release|Any CPU
	EndGlobalSection
	GlobalSection(ProjectConfigurationPlatforms) = postSolution
		{1D0CE916-4CB0-40C3-AC77-119A872DF47E}.Debug|Any CPU.ActiveCfg = Debug|Any CPU
		{1D0CE916-4CB0-40C3-AC77-119A872DF47E}.Debug|Any CPU.Build.0 = Debug|Any CPU
		{1D0CE916-4CB0-40C3-AC77-119A872DF47E}.Release|Any CPU.ActiveCfg = Release|Any CPU
		{1D0CE916-4CB0-40C3-AC77-119A872DF47E}.Release|Any CPU.Build.0 = Release|Any CPU
	EndGlobalSection
	GlobalSection(SolutionProperties) = preSolution
		HideSolutionNode = FALSE
	EndGlobalSection
	GlobalSection(ExtensibilityGlobals) = postSolution
		SolutionGuid = {80FFFC4F-F51E-4980-8E00-7384D742657F}
	EndGlobalSection
EndGlobal
